// !$*UTF8*$!
{
	archiveVersion = 1;
	classes = {
	};
	objectVersion = 50;
	objects = {

/* Begin PBXBuildFile section */
		32CDBA94229DC253007FFFD8 /* AppDelegate.swift in Sources */ = {isa = PBXBuildFile; fileRef = 32CDBA93229DC253007FFFD8 /* AppDelegate.swift */; };
		32CDBA96229DC253007FFFD8 /* DefinitionViewController.swift in Sources */ = {isa = PBXBuildFile; fileRef = 32CDBA95229DC253007FFFD8 /* DefinitionViewController.swift */; };
		32CDBA99229DC253007FFFD8 /* Main.storyboard in Resources */ = {isa = PBXBuildFile; fileRef = 32CDBA97229DC253007FFFD8 /* Main.storyboard */; };
		32CDBA9B229DC254007FFFD8 /* Assets.xcassets in Resources */ = {isa = PBXBuildFile; fileRef = 32CDBA9A229DC254007FFFD8 /* Assets.xcassets */; };
		32CDBA9E229DC254007FFFD8 /* LaunchScreen.storyboard in Resources */ = {isa = PBXBuildFile; fileRef = 32CDBA9C229DC254007FFFD8 /* LaunchScreen.storyboard */; };
		32CDBAA6229DC2AD007FFFD8 /* WordsTableViewController.swift in Sources */ = {isa = PBXBuildFile; fileRef = 32CDBAA5229DC2AD007FFFD8 /* WordsTableViewController.swift */; };
		32CDBAA8229DC3F0007FFFD8 /* VocabularyWord.swift in Sources */ = {isa = PBXBuildFile; fileRef = 32CDBAA7229DC3F0007FFFD8 /* VocabularyWord.swift */; };
		32CDBAAA229DC45B007FFFD8 /* VocabularyController.swift in Sources */ = {isa = PBXBuildFile; fileRef = 32CDBAA9229DC45B007FFFD8 /* VocabularyController.swift */; };
/* End PBXBuildFile section */

/* Begin PBXFileReference section */
		32CDBA90229DC253007FFFD8 /* Swift Vocabulary 2.app */ = {isa = PBXFileReference; explicitFileType = wrapper.application; includeInIndex = 0; path = "Swift Vocabulary 2.app"; sourceTree = BUILT_PRODUCTS_DIR; };
		32CDBA93229DC253007FFFD8 /* AppDelegate.swift */ = {isa = PBXFileReference; lastKnownFileType = sourcecode.swift; path = AppDelegate.swift; sourceTree = "<group>"; };
		32CDBA95229DC253007FFFD8 /* DefinitionViewController.swift */ = {isa = PBXFileReference; lastKnownFileType = sourcecode.swift; path = DefinitionViewController.swift; sourceTree = "<group>"; };
		32CDBA98229DC253007FFFD8 /* Base */ = {isa = PBXFileReference; lastKnownFileType = file.storyboard; name = Base; path = Base.lproj/Main.storyboard; sourceTree = "<group>"; };
		32CDBA9A229DC254007FFFD8 /* Assets.xcassets */ = {isa = PBXFileReference; lastKnownFileType = folder.assetcatalog; path = Assets.xcassets; sourceTree = "<group>"; };
		32CDBA9D229DC254007FFFD8 /* Base */ = {isa = PBXFileReference; lastKnownFileType = file.storyboard; name = Base; path = Base.lproj/LaunchScreen.storyboard; sourceTree = "<group>"; };
		32CDBA9F229DC254007FFFD8 /* Info.plist */ = {isa = PBXFileReference; lastKnownFileType = text.plist.xml; path = Info.plist; sourceTree = "<group>"; };
		32CDBAA5229DC2AD007FFFD8 /* WordsTableViewController.swift */ = {isa = PBXFileReference; lastKnownFileType = sourcecode.swift; path = WordsTableViewController.swift; sourceTree = "<group>"; };
		32CDBAA7229DC3F0007FFFD8 /* VocabularyWord.swift */ = {isa = PBXFileReference; lastKnownFileType = sourcecode.swift; path = VocabularyWord.swift; sourceTree = "<group>"; };
		32CDBAA9229DC45B007FFFD8 /* VocabularyController.swift */ = {isa = PBXFileReference; lastKnownFileType = sourcecode.swift; path = VocabularyController.swift; sourceTree = "<group>"; };
/* End PBXFileReference section */

/* Begin PBXFrameworksBuildPhase section */
		32CDBA8D229DC253007FFFD8 /* Frameworks */ = {
			isa = PBXFrameworksBuildPhase;
			buildActionMask = 2147483647;
			files = (
			);
			runOnlyForDeploymentPostprocessing = 0;
		};
/* End PBXFrameworksBuildPhase section */

/* Begin PBXGroup section */
		32CDBA87229DC253007FFFD8 = {
			isa = PBXGroup;
			children = (
				32CDBA92229DC253007FFFD8 /* Swift Vocabulary 2 */,
				32CDBA91229DC253007FFFD8 /* Products */,
			);
			sourceTree = "<group>";
		};
		32CDBA91229DC253007FFFD8 /* Products */ = {
			isa = PBXGroup;
			children = (
				32CDBA90229DC253007FFFD8 /* Swift Vocabulary 2.app */,
			);
			name = Products;
			sourceTree = "<group>";
		};
		32CDBA92229DC253007FFFD8 /* Swift Vocabulary 2 */ = {
			isa = PBXGroup;
			children = (
				32CDBA93229DC253007FFFD8 /* AppDelegate.swift */,
				32CDBAA5229DC2AD007FFFD8 /* WordsTableViewController.swift */,
				32CDBA95229DC253007FFFD8 /* DefinitionViewController.swift */,
				32CDBAA7229DC3F0007FFFD8 /* VocabularyWord.swift */,
				32CDBAA9229DC45B007FFFD8 /* VocabularyController.swift */,
				32CDBA97229DC253007FFFD8 /* Main.storyboard */,
				32CDBA9A229DC254007FFFD8 /* Assets.xcassets */,
				32CDBA9C229DC254007FFFD8 /* LaunchScreen.storyboard */,
				32CDBA9F229DC254007FFFD8 /* Info.plist */,
			);
			path = "Swift Vocabulary 2";
			sourceTree = "<group>";
		};
/* End PBXGroup section */

/* Begin PBXNativeTarget section */
		32CDBA8F229DC253007FFFD8 /* Swift Vocabulary 2 */ = {
			isa = PBXNativeTarget;
			buildConfigurationList = 32CDBAA2229DC254007FFFD8 /* Build configuration list for PBXNativeTarget "Swift Vocabulary 2" */;
			buildPhases = (
				32CDBA8C229DC253007FFFD8 /* Sources */,
				32CDBA8D229DC253007FFFD8 /* Frameworks */,
				32CDBA8E229DC253007FFFD8 /* Resources */,
			);
			buildRules = (
			);
			dependencies = (
			);
			name = "Swift Vocabulary 2";
			productName = "Swift Vocabulary 2";
			productReference = 32CDBA90229DC253007FFFD8 /* Swift Vocabulary 2.app */;
			productType = "com.apple.product-type.application";
		};
/* End PBXNativeTarget section */

/* Begin PBXProject section */
		32CDBA88229DC253007FFFD8 /* Project object */ = {
			isa = PBXProject;
			attributes = {
				LastSwiftUpdateCheck = 1020;
				LastUpgradeCheck = 1020;
				ORGANIZATIONNAME = "jake connerly";
				TargetAttributes = {
					32CDBA8F229DC253007FFFD8 = {
						CreatedOnToolsVersion = 10.2.1;
					};
				};
			};
			buildConfigurationList = 32CDBA8B229DC253007FFFD8 /* Build configuration list for PBXProject "Swift Vocabulary 2" */;
			compatibilityVersion = "Xcode 9.3";
			developmentRegion = en;
			hasScannedForEncodings = 0;
			knownRegions = (
				en,
				Base,
			);
			mainGroup = 32CDBA87229DC253007FFFD8;
			productRefGroup = 32CDBA91229DC253007FFFD8 /* Products */;
			projectDirPath = "";
			projectRoot = "";
			targets = (
				32CDBA8F229DC253007FFFD8 /* Swift Vocabulary 2 */,
			);
		};
/* End PBXProject section */

/* Begin PBXResourcesBuildPhase section */
		32CDBA8E229DC253007FFFD8 /* Resources */ = {
			isa = PBXResourcesBuildPhase;
			buildActionMask = 2147483647;
			files = (
				32CDBA9E229DC254007FFFD8 /* LaunchScreen.storyboard in Resources */,
				32CDBA9B229DC254007FFFD8 /* Assets.xcassets in Resources */,
				32CDBA99229DC253007FFFD8 /* Main.storyboard in Resources */,
			);
			runOnlyForDeploymentPostprocessing = 0;
		};
/* End PBXResourcesBuildPhase section */

/* Begin PBXSourcesBuildPhase section */
		32CDBA8C229DC253007FFFD8 /* Sources */ = {
			isa = PBXSourcesBuildPhase;
			buildActionMask = 2147483647;
			files = (
				32CDBA96229DC253007FFFD8 /* DefinitionViewController.swift in Sources */,
				32CDBAAA229DC45B007FFFD8 /* VocabularyController.swift in Sources */,
				32CDBA94229DC253007FFFD8 /* AppDelegate.swift in Sources */,
				32CDBAA6229DC2AD007FFFD8 /* WordsTableViewController.swift in Sources */,
				32CDBAA8229DC3F0007FFFD8 /* VocabularyWord.swift in Sources */,
			);
			runOnlyForDeploymentPostprocessing = 0;
		};
/* End PBXSourcesBuildPhase section */

/* Begin PBXVariantGroup section */
		32CDBA97229DC253007FFFD8 /* Main.storyboard */ = {
			isa = PBXVariantGroup;
			children = (
				32CDBA98229DC253007FFFD8 /* Base */,
			);
			name = Main.storyboard;
			sourceTree = "<group>";
		};
		32CDBA9C229DC254007FFFD8 /* LaunchScreen.storyboard */ = {
			isa = PBXVariantGroup;
			children = (
				32CDBA9D229DC254007FFFD8 /* Base */,
			);
			name = LaunchScreen.storyboard;
			sourceTree = "<group>";
		};
/* End PBXVariantGroup section */

/* Begin XCBuildConfiguration section */
		32CDBAA0229DC254007FFFD8 /* Debug */ = {
			isa = XCBuildConfiguration;
			buildSettings = {
				ALWAYS_SEARCH_USER_PATHS = NO;
				CLANG_ANALYZER_NONNULL = YES;
				CLANG_ANALYZER_NUMBER_OBJECT_CONVERSION = YES_AGGRESSIVE;
				CLANG_CXX_LANGUAGE_STANDARD = "gnu++14";
				CLANG_CXX_LIBRARY = "libc++";
				CLANG_ENABLE_MODULES = YES;
				CLANG_ENABLE_OBJC_ARC = YES;
				CLANG_ENABLE_OBJC_WEAK = YES;
				CLANG_WARN_BLOCK_CAPTURE_AUTORELEASING = YES;
				CLANG_WARN_BOOL_CONVERSION = YES;
				CLANG_WARN_COMMA = YES;
				CLANG_WARN_CONSTANT_CONVERSION = YES;
				CLANG_WARN_DEPRECATED_OBJC_IMPLEMENTATIONS = YES;
				CLANG_WARN_DIRECT_OBJC_ISA_USAGE = YES_ERROR;
				CLANG_WARN_DOCUMENTATION_COMMENTS = YES;
				CLANG_WARN_EMPTY_BODY = YES;
				CLANG_WARN_ENUM_CONVERSION = YES;
				CLANG_WARN_INFINITE_RECURSION = YES;
				CLANG_WARN_INT_CONVERSION = YES;
				CLANG_WARN_NON_LITERAL_NULL_CONVERSION = YES;
				CLANG_WARN_OBJC_IMPLICIT_RETAIN_SELF = YES;
				CLANG_WARN_OBJC_LITERAL_CONVERSION = YES;
				CLANG_WARN_OBJC_ROOT_CLASS = YES_ERROR;
				CLANG_WARN_RANGE_LOOP_ANALYSIS = YES;
				CLANG_WARN_STRICT_PROTOTYPES = YES;
				CLANG_WARN_SUSPICIOUS_MOVE = YES;
				CLANG_WARN_UNGUARDED_AVAILABILITY = YES_AGGRESSIVE;
				CLANG_WARN_UNREACHABLE_CODE = YES;
				CLANG_WARN__DUPLICATE_METHOD_MATCH = YES;
				CODE_SIGN_IDENTITY = "iPhone Developer";
				COPY_PHASE_STRIP = NO;
				DEBUG_INFORMATION_FORMAT = dwarf;
				ENABLE_STRICT_OBJC_MSGSEND = YES;
				ENABLE_TESTABILITY = YES;
				GCC_C_LANGUAGE_STANDARD = gnu11;
				GCC_DYNAMIC_NO_PIC = NO;
				GCC_NO_COMMON_BLOCKS = YES;
				GCC_OPTIMIZATION_LEVEL = 0;
				GCC_PREPROCESSOR_DEFINITIONS = (
					"DEBUG=1",
					"$(inherited)",
				);
				GCC_WARN_64_TO_32_BIT_CONVERSION = YES;
				GCC_WARN_ABOUT_RETURN_TYPE = YES_ERROR;
				GCC_WARN_UNDECLARED_SELECTOR = YES;
				GCC_WARN_UNINITIALIZED_AUTOS = YES_AGGRESSIVE;
				GCC_WARN_UNUSED_FUNCTION = YES;
				GCC_WARN_UNUSED_VARIABLE = YES;
				IPHONEOS_DEPLOYMENT_TARGET = 12.2;
				MTL_ENABLE_DEBUG_INFO = INCLUDE_SOURCE;
				MTL_FAST_MATH = YES;
				ONLY_ACTIVE_ARCH = YES;
				SDKROOT = iphoneos;
				SWIFT_ACTIVE_COMPILATION_CONDITIONS = DEBUG;
				SWIFT_OPTIMIZATION_LEVEL = "-Onone";
			};
			name = Debug;
		};
		32CDBAA1229DC254007FFFD8 /* Release */ = {
			isa = XCBuildConfiguration;
			buildSettings = {
				ALWAYS_SEARCH_USER_PATHS = NO;
				CLANG_ANALYZER_NONNULL = YES;
				CLANG_ANALYZER_NUMBER_OBJECT_CONVERSION = YES_AGGRESSIVE;
				CLANG_CXX_LANGUAGE_STANDARD = "gnu++14";
				CLANG_CXX_LIBRARY = "libc++";
				CLANG_ENABLE_MODULES = YES;
				CLANG_ENABLE_OBJC_ARC = YES;
				CLANG_ENABLE_OBJC_WEAK = YES;
				CLANG_WARN_BLOCK_CAPTURE_AUTORELEASING = YES;
				CLANG_WARN_BOOL_CONVERSION = YES;
				CLANG_WARN_COMMA = YES;
				CLANG_WARN_CONSTANT_CONVERSION = YES;
				CLANG_WARN_DEPRECATED_OBJC_IMPLEMENTATIONS = YES;
				CLANG_WARN_DIRECT_OBJC_ISA_USAGE = YES_ERROR;
				CLANG_WARN_DOCUMENTATION_COMMENTS = YES;
				CLANG_WARN_EMPTY_BODY = YES;
				CLANG_WARN_ENUM_CONVERSION = YES;
				CLANG_WARN_INFINITE_RECURSION = YES;
				CLANG_WARN_INT_CONVERSION = YES;
				CLANG_WARN_NON_LITERAL_NULL_CONVERSION = YES;
				CLANG_WARN_OBJC_IMPLICIT_RETAIN_SELF = YES;
				CLANG_WARN_OBJC_LITERAL_CONVERSION = YES;
				CLANG_WARN_OBJC_ROOT_CLASS = YES_ERROR;
				CLANG_WARN_RANGE_LOOP_ANALYSIS = YES;
				CLANG_WARN_STRICT_PROTOTYPES = YES;
				CLANG_WARN_SUSPICIOUS_MOVE = YES;
				CLANG_WARN_UNGUARDED_AVAILABILITY = YES_AGGRESSIVE;
				CLANG_WARN_UNREACHABLE_CODE = YES;
				CLANG_WARN__DUPLICATE_METHOD_MATCH = YES;
				CODE_SIGN_IDENTITY = "iPhone Developer";
				COPY_PHASE_STRIP = NO;
				DEBUG_INFORMATION_FORMAT = "dwarf-with-dsym";
				ENABLE_NS_ASSERTIONS = NO;
				ENABLE_STRICT_OBJC_MSGSEND = YES;
				GCC_C_LANGUAGE_STANDARD = gnu11;
				GCC_NO_COMMON_BLOCKS = YES;
				GCC_WARN_64_TO_32_BIT_CONVERSION = YES;
				GCC_WARN_ABOUT_RETURN_TYPE = YES_ERROR;
				GCC_WARN_UNDECLARED_SELECTOR = YES;
				GCC_WARN_UNINITIALIZED_AUTOS = YES_AGGRESSIVE;
				GCC_WARN_UNUSED_FUNCTION = YES;
				GCC_WARN_UNUSED_VARIABLE = YES;
				IPHONEOS_DEPLOYMENT_TARGET = 12.2;
				MTL_ENABLE_DEBUG_INFO = NO;
				MTL_FAST_MATH = YES;
				SDKROOT = iphoneos;
				SWIFT_COMPILATION_MODE = wholemodule;
				SWIFT_OPTIMIZATION_LEVEL = "-O";
				VALIDATE_PRODUCT = YES;
			};
			name = Release;
		};
		32CDBAA3229DC254007FFFD8 /* Debug */ = {
			isa = XCBuildConfiguration;
			buildSettings = {
				ASSETCATALOG_COMPILER_APPICON_NAME = AppIcon;
				CODE_SIGN_STYLE = Automatic;
				DEVELOPMENT_TEAM = YM84C6XKT7;
				INFOPLIST_FILE = "Swift Vocabulary 2/Info.plist";
				LD_RUNPATH_SEARCH_PATHS = (
					"$(inherited)",
					"@executable_path/Frameworks",
				);
				PRODUCT_BUNDLE_IDENTIFIER = "com.jakeconnerly.Swift-Vocabulary-2";
				PRODUCT_NAME = "$(TARGET_NAME)";
				SWIFT_VERSION = 5.0;
				TARGETED_DEVICE_FAMILY = "1,2";
			};
			name = Debug;
		};
		32CDBAA4229DC254007FFFD8 /* Release */ = {
			isa = XCBuildConfiguration;
			buildSettings = {
				ASSETCATALOG_COMPILER_APPICON_NAME = AppIcon;
				CODE_SIGN_STYLE = Automatic;
				DEVELOPMENT_TEAM = YM84C6XKT7;
				INFOPLIST_FILE = "Swift Vocabulary 2/Info.plist";
				LD_RUNPATH_SEARCH_PATHS = (
					"$(inherited)",
					"@executable_path/Frameworks",
				);
				PRODUCT_BUNDLE_IDENTIFIER = "com.jakeconnerly.Swift-Vocabulary-2";
				PRODUCT_NAME = "$(TARGET_NAME)";
				SWIFT_VERSION = 5.0;
				TARGETED_DEVICE_FAMILY = "1,2";
			};
			name = Release;
		};
/* End XCBuildConfiguration section */

/* Begin XCConfigurationList section */
		32CDBA8B229DC253007FFFD8 /* Build configuration list for PBXProject "Swift Vocabulary 2" */ = {
			isa = XCConfigurationList;
			buildConfigurations = (
				32CDBAA0229DC254007FFFD8 /* Debug */,
				32CDBAA1229DC254007FFFD8 /* Release */,
			);
			defaultConfigurationIsVisible = 0;
			defaultConfigurationName = Release;
		};
		32CDBAA2229DC254007FFFD8 /* Build configuration list for PBXNativeTarget "Swift Vocabulary 2" */ = {
			isa = XCConfigurationList;
			buildConfigurations = (
				32CDBAA3229DC254007FFFD8 /* Debug */,
				32CDBAA4229DC254007FFFD8 /* Release */,
			);
			defaultConfigurationIsVisible = 0;
			defaultConfigurationName = Release;
		};
/* End XCConfigurationList section */
	};
	rootObject = 32CDBA88229DC253007FFFD8 /* Project object */;
}
